<Solution>
  <Folder Name="/src/">
    <Project Path="src/GroupeScolaire.Application/GroupeScolaire.Application.csproj" />
    <Project Path="src/GroupeScolaire.Domain/GroupeScolaire.Domain.csproj" />
    <Project Path="src/GroupeScolaire.Infrastructure/GroupeScolaire.Infrastructure.csproj" />
    <Project Path="src/GroupeScolaire.WebApi/GroupeScolaire.WebApi.csproj" />
  </Folder>
  <Folder Name="/tests/">
    <Project Path="tests/GroupeScolaire.Application.Tests/GroupeScolaire.Application.Tests.csproj" />
  </Folder>
  <Project Path="GroupeScolaire/GroupeScolaire.csproj" />
</Solution>
